
Microsoft Visual Studio Solution File, Format Version 12.00
# Visual Studio Version 17
VisualStudioVersion = 17.0.31903.59
MinimumVisualStudioVersion = 10.0.40219.1
Project("{FAE04EC0-301F-11D3-BF4B-00C04F79EFBC}") = "BusPricing", "BusPricing\BusPricing.csproj", "{067FDC54-457F-49E8-9B50-40DF098D2536}"
EndProject
Project("{FAE04EC0-301F-11D3-BF4B-00C04F79EFBC}") = "BusPricing.Tests", "BusPricing.Tests\BusPricing.Tests.csproj", "{39EB1970-373B-44AC-842B-BD3DBA372A9A}"
EndProject
Global
	GlobalSection(SolutionConfigurationPlatforms) = preSolution
		Debug|Any CPU = Debug|Any CPU
		Release|Any CPU = Release|Any CPU
	EndGlobalSection
	GlobalSection(SolutionProperties) = preSolution
		HideSolutionNode = FALSE
	EndGlobalSection
	GlobalSection(ProjectConfigurationPlatforms) = postSolution
		{067FDC54-457F-49E8-9B50-40DF098D2536}.Debug|Any CPU.ActiveCfg = Debug|Any CPU
		{067FDC54-457F-49E8-9B50-40DF098D2536}.Debug|Any CPU.Build.0 = Debug|Any CPU
		{067FDC54-457F-49E8-9B50-40DF098D2536}.Release|Any CPU.ActiveCfg = Release|Any CPU
		{067FDC54-457F-49E8-9B50-40DF098D2536}.Release|Any CPU.Build.0 = Release|Any CPU
		{39EB1970-373B-44AC-842B-BD3DBA372A9A}.Debug|Any CPU.ActiveCfg = Debug|Any CPU
		{39EB1970-373B-44AC-842B-BD3DBA372A9A}.Debug|Any CPU.Build.0 = Debug|Any CPU
		{39EB1970-373B-44AC-842B-BD3DBA372A9A}.Release|Any CPU.ActiveCfg = Release|Any CPU
		{39EB1970-373B-44AC-842B-BD3DBA372A9A}.Release|Any CPU.Build.0 = Release|Any CPU
	EndGlobalSection
EndGlobal
